
Microsoft Visual Studio Solution File, Format Version 12.00
# Visual Studio Version 17
VisualStudioVersion = 17.4.33205.214
MinimumVisualStudioVersion = 10.0.40219.1
Project("{FAE04EC0-301F-11D3-BF4B-00C04F79EFBC}") = "ex_dolar", "ex_dolar.csproj", "{3E13E893-97F1-4172-95A9-701789370078}"
EndProject
Global
	GlobalSection(SolutionConfigurationPlatforms) = preSolution
		Debug|Any CPU = Debug|Any CPU
		Release|Any CPU = Release|Any CPU
	EndGlobalSection
	GlobalSection(ProjectConfigurationPlatforms) = postSolution
		{3E13E893-97F1-4172-95A9-701789370078}.Debug|Any CPU.ActiveCfg = Debug|Any CPU
		{3E13E893-97F1-4172-95A9-701789370078}.Debug|Any CPU.Build.0 = Debug|Any CPU
		{3E13E893-97F1-4172-95A9-701789370078}.Release|Any CPU.ActiveCfg = Release|Any CPU
		{3E13E893-97F1-4172-95A9-701789370078}.Release|Any CPU.Build.0 = Release|Any CPU
	EndGlobalSection
	GlobalSection(SolutionProperties) = preSolution
		HideSolutionNode = FALSE
	EndGlobalSection
	GlobalSection(ExtensibilityGlobals) = postSolution
		SolutionGuid = {D3682829-1CAB-4C45-9208-A4E36E2CD99A}
	EndGlobalSection
EndGlobal
